
Microsoft Visual Studio Solution File, Format Version 12.00
# Visual Studio Version 17
VisualStudioVersion = 17.6.33723.286
MinimumVisualStudioVersion = 10.0.40219.1
Project("{FAE04EC0-301F-11D3-BF4B-00C04F79EFBC}") = "Laba_26", "Laba_26\Laba_26.csproj", "{A8B7DD6D-9ABC-4545-B6C1-678EAFD0384A}"
EndProject
Global
	GlobalSection(SolutionConfigurationPlatforms) = preSolution
		Debug|Any CPU = Debug|Any CPU
		Release|Any CPU = Release|Any CPU
	EndGlobalSection
	GlobalSection(ProjectConfigurationPlatforms) = postSolution
		{A8B7DD6D-9ABC-4545-B6C1-678EAFD0384A}.Debug|Any CPU.ActiveCfg = Debug|Any CPU
		{A8B7DD6D-9ABC-4545-B6C1-678EAFD0384A}.Debug|Any CPU.Build.0 = Debug|Any CPU
		{A8B7DD6D-9ABC-4545-B6C1-678EAFD0384A}.Release|Any CPU.ActiveCfg = Release|Any CPU
		{A8B7DD6D-9ABC-4545-B6C1-678EAFD0384A}.Release|Any CPU.Build.0 = Release|Any CPU
	EndGlobalSection
	GlobalSection(SolutionProperties) = preSolution
		HideSolutionNode = FALSE
	EndGlobalSection
	GlobalSection(ExtensibilityGlobals) = postSolution
		SolutionGuid = {A0C19807-E26B-450F-BD89-61E9D77EF775}
	EndGlobalSection
EndGlobal
